github.com/JohnCGriffin/yogofn v0.0.0-20170613212352-43d7b79df9f1 h1:+SftkBQBf548OMFt+kl82ke+mLDYCtM4FpodgWtJufk=
github.com/JohnCGriffin/yogofn v0.0.0-20170613212352-43d7b79df9f1/go.mod h1:JpumcwO/TPSgPmNVMW8jIGy46QJJijsS1PunvplPsPw=
github.com/cheneylew/gotools/excel v0.0.0-20210325011852-263739c1ea1d h1:iPNBAD37hzx6Zs6Yn6HOe908mBIHpNm7t5wBRwVzexI=
github.com/cheneylew/gotools/excel v0.0.0-20210325011852-263739c1ea1d/go.mod h1:opN4cjNoUa4vZRpDD5U9QWqjEwkS7IqP8a41d9325Do=
github.com/frankban/quicktest v1.5.0/go.mod h1:jaStnuzAqU1AJdCO0l53JDCJrVDKcS03DbaAcR7Ks/o=
github.com/google/btree v1.0.0/go.mod h1:lNA+9X1NB3Zf8V7Ke586lFgjr2dZNuvo3lPJSGZ5JPQ=
github.com/google/go-cmp v0.3.1/go.mod h1:8QqcDgzrUqlUb/G2PQTWiueGozuR1884gddMywk6iLU=
github.com/google/go-cmp v0.4.0/go.mod h1:v8dTdLbMG2kIc/vJvl+f65V22dbkXbowE6jgT/gNBxE=
github.com/kr/pretty v0.1.0/go.mod h1:dAy3ld7l9f0ibDNOQOHHMYYIIbhfbHSm3C4ZsoJORNo=
github.com/kr/pty v1.1.1/go.mod h1:pFQYn66WHrOpPYNljwOMqo10TkYh1fy3cYio2l3bCsQ=
github.com/kr/text v0.1.0/go.mod h1:4Jbv+DJW3UT/LiOwJeYQe1efqtUx/iVham/4vfdArNI=
github.com/peterbourgon/diskv v2.0.1+incompatible/go.mod h1:uqqh8zWWbv1HBMNONnaR/tNboyR3/BZd58JJSHlUSCU=
github.com/pkg/errors v0.9.1 h1:FEBLx1zS214owpjy7qsBeixbURkuhQAwrK5UwLGTwt4=
github.com/pkg/errors v0.9.1/go.mod h1:bwawxfHBFNV+L2hUp1rHADufV3IMtnDRdf1r5NINEl0=
github.com/rogpeppe/fastuuid v1.2.0/go.mod h1:jVj6XXZzXRy/MSR5jhDC/2q6DgLz+nrA6LYCDYWNEvQ=
github.com/shabbyrobe/xmlwriter v0.0.0-20200208144257-9fca06d00ffa/go.mod h1:Yjr3bdWaVWyME1kha7X0jsz3k2DgXNa1Pj3XGyUAbx8=
github.com/tealeg/xlsx v1.0.5 h1:+f8oFmvY8Gw1iUXzPk+kz+4GpbDZPK1FhPiQRd+ypgE=
github.com/tealeg/xlsx v1.0.5/go.mod h1:btRS8dz54TDnvKNosuAqxrM1QgN1udgk9O34bDCnORM=
github.com/tealeg/xlsx/v2 v2.0.1/go.mod h1:l9GvhCCjdaIGkAyZcFedDALcYcXUOei55f6umRMOz9c=
github.com/tealeg/xlsx/v3 v3.2.0/go.mod h1:7f/AUBopI/mmALW47XgPOxEgi/pZ6/mgtVSqa6D48aA=
golang.org/x/text v0.3.2/go.mod h1:bEr9sfX3Q8Zfm5fL9x+3itogRgK3+ptLWKqgva+5dAk=
golang.org/x/tools v0.0.0-20180917221912-90fa682c2a6e/go.mod h1:n7NCudcB/nEzxVGmLbDWY5pfWTLqBcC2KZ6jyYvM4mQ=
golang.org/x/xerrors v0.0.0-20191204190536-9bdfabe68543/go.mod h1:I/5z698sn9Ka8TeJc9MKroUUfqBBauWjQqLJ2OPfmY0=
gopkg.in/check.v1 v1.0.0-20190902080502-41f04d3bba15/go.mod h1:Co6ibVJAznAaIkqp8huTwlJQCZ016jof/cbN4VW5Yz0=
